
Microsoft Visual Studio Solution File, Format Version 12.00
# Visual Studio Version 16
VisualStudioVersion = 16.0.29613.14
MinimumVisualStudioVersion = 10.0.40219.1
Project("{888888A0-9F3D-457C-B088-3A5042F75D52}") = "Pygame-Test2", "Pygame-Test2.pyproj", "{71081AD2-7813-415E-93CE-DA557CBDF2DD}"
EndProject
Global
	GlobalSection(SolutionConfigurationPlatforms) = preSolution
		Debug|Any CPU = Debug|Any CPU
		Release|Any CPU = Release|Any CPU
	EndGlobalSection
	GlobalSection(ProjectConfigurationPlatforms) = postSolution
		{71081AD2-7813-415E-93CE-DA557CBDF2DD}.Debug|Any CPU.ActiveCfg = Debug|Any CPU
		{71081AD2-7813-415E-93CE-DA557CBDF2DD}.Release|Any CPU.ActiveCfg = Release|Any CPU
	EndGlobalSection
	GlobalSection(SolutionProperties) = preSolution
		HideSolutionNode = FALSE
	EndGlobalSection
	GlobalSection(ExtensibilityGlobals) = postSolution
		SolutionGuid = {9F29A90D-A01D-44AC-A7AC-F404BAEE3A66}
	EndGlobalSection
EndGlobal
