
Microsoft Visual Studio Solution File, Format Version 12.00
# Visual Studio Version 16
VisualStudioVersion = 16.0.29613.14
MinimumVisualStudioVersion = 10.0.40219.1
Project("{888888A0-9F3D-457C-B088-3A5042F75D52}") = "Pygame-MoveShapes", "Pygame-MoveShapes.pyproj", "{FF310FDC-1B85-4BD3-98C6-9CF4010ED35D}"
EndProject
Global
	GlobalSection(SolutionConfigurationPlatforms) = preSolution
		Debug|Any CPU = Debug|Any CPU
		Release|Any CPU = Release|Any CPU
	EndGlobalSection
	GlobalSection(ProjectConfigurationPlatforms) = postSolution
		{FF310FDC-1B85-4BD3-98C6-9CF4010ED35D}.Debug|Any CPU.ActiveCfg = Debug|Any CPU
		{FF310FDC-1B85-4BD3-98C6-9CF4010ED35D}.Release|Any CPU.ActiveCfg = Release|Any CPU
	EndGlobalSection
	GlobalSection(SolutionProperties) = preSolution
		HideSolutionNode = FALSE
	EndGlobalSection
	GlobalSection(ExtensibilityGlobals) = postSolution
		SolutionGuid = {22F73A73-0384-4A57-BE18-8C07E3F34CEA}
	EndGlobalSection
EndGlobal
