
Microsoft Visual Studio Solution File, Format Version 12.00
# Visual Studio Version 16
VisualStudioVersion = 16.0.28803.352
MinimumVisualStudioVersion = 10.0.40219.1
Project("{888888A0-9F3D-457C-B088-3A5042F75D52}") = "Matplotlib-LinearGraph", "Matplotlib-LinearGraph\Matplotlib-LinearGraph.pyproj", "{39E49AB4-5538-4146-87B4-C94AE4857315}"
EndProject
Global
	GlobalSection(SolutionConfigurationPlatforms) = preSolution
		Debug|Any CPU = Debug|Any CPU
		Release|Any CPU = Release|Any CPU
	EndGlobalSection
	GlobalSection(ProjectConfigurationPlatforms) = postSolution
		{39E49AB4-5538-4146-87B4-C94AE4857315}.Debug|Any CPU.ActiveCfg = Debug|Any CPU
		{39E49AB4-5538-4146-87B4-C94AE4857315}.Release|Any CPU.ActiveCfg = Release|Any CPU
	EndGlobalSection
	GlobalSection(SolutionProperties) = preSolution
		HideSolutionNode = FALSE
	EndGlobalSection
	GlobalSection(ExtensibilityGlobals) = postSolution
		SolutionGuid = {ED19B1E3-5EFA-4434-ABC6-C8FB92DC36B4}
	EndGlobalSection
EndGlobal
