
Microsoft Visual Studio Solution File, Format Version 12.00
# Visual Studio 15
VisualStudioVersion = 15.0.27703.2042
MinimumVisualStudioVersion = 10.0.40219.1
Project("{888888A0-9F3D-457C-B088-3A5042F75D52}") = "NumPy-01", "NumPy-01\NumPy-01.pyproj", "{2D7FAFFE-7F39-4160-B1C7-404D1A48B48D}"
EndProject
Global
	GlobalSection(SolutionConfigurationPlatforms) = preSolution
		Debug|Any CPU = Debug|Any CPU
		Release|Any CPU = Release|Any CPU
	EndGlobalSection
	GlobalSection(ProjectConfigurationPlatforms) = postSolution
		{2D7FAFFE-7F39-4160-B1C7-404D1A48B48D}.Debug|Any CPU.ActiveCfg = Debug|Any CPU
		{2D7FAFFE-7F39-4160-B1C7-404D1A48B48D}.Release|Any CPU.ActiveCfg = Release|Any CPU
	EndGlobalSection
	GlobalSection(SolutionProperties) = preSolution
		HideSolutionNode = FALSE
	EndGlobalSection
	GlobalSection(ExtensibilityGlobals) = postSolution
		SolutionGuid = {CD110357-55E2-4764-AD46-6CD8E1B81C4E}
	EndGlobalSection
EndGlobal
