
Microsoft Visual Studio Solution File, Format Version 12.00
# Visual Studio Version 16
VisualStudioVersion = 16.0.29613.14
MinimumVisualStudioVersion = 10.0.40219.1
Project("{888888A0-9F3D-457C-B088-3A5042F75D52}") = "Pong-Pygame", "Pong-Pygame.pyproj", "{AED72DF4-862F-4A84-B436-E162D56FD0D3}"
EndProject
Global
	GlobalSection(SolutionConfigurationPlatforms) = preSolution
		Debug|Any CPU = Debug|Any CPU
		Release|Any CPU = Release|Any CPU
	EndGlobalSection
	GlobalSection(ProjectConfigurationPlatforms) = postSolution
		{AED72DF4-862F-4A84-B436-E162D56FD0D3}.Debug|Any CPU.ActiveCfg = Debug|Any CPU
		{AED72DF4-862F-4A84-B436-E162D56FD0D3}.Release|Any CPU.ActiveCfg = Release|Any CPU
	EndGlobalSection
	GlobalSection(SolutionProperties) = preSolution
		HideSolutionNode = FALSE
	EndGlobalSection
	GlobalSection(ExtensibilityGlobals) = postSolution
		SolutionGuid = {6BD14F59-A368-4D1B-A983-0AB99C84C827}
	EndGlobalSection
EndGlobal
