
Microsoft Visual Studio Solution File, Format Version 12.00
# Visual Studio 15
VisualStudioVersion = 15.0.28307.168
MinimumVisualStudioVersion = 10.0.40219.1
Project("{888888A0-9F3D-457C-B088-3A5042F75D52}") = "NumpyReplaceArrayItems", "NumpyReplaceArrayItems\NumpyReplaceArrayItems.pyproj", "{12A2E95F-CDBE-4A7B-844C-78CD75BBA247}"
EndProject
Global
	GlobalSection(SolutionConfigurationPlatforms) = preSolution
		Debug|Any CPU = Debug|Any CPU
		Release|Any CPU = Release|Any CPU
	EndGlobalSection
	GlobalSection(ProjectConfigurationPlatforms) = postSolution
		{12A2E95F-CDBE-4A7B-844C-78CD75BBA247}.Debug|Any CPU.ActiveCfg = Debug|Any CPU
		{12A2E95F-CDBE-4A7B-844C-78CD75BBA247}.Release|Any CPU.ActiveCfg = Release|Any CPU
	EndGlobalSection
	GlobalSection(SolutionProperties) = preSolution
		HideSolutionNode = FALSE
	EndGlobalSection
	GlobalSection(ExtensibilityGlobals) = postSolution
		SolutionGuid = {2F5FB6AC-A5E7-4534-AE10-51ED75A578FB}
	EndGlobalSection
EndGlobal
