
Microsoft Visual Studio Solution File, Format Version 12.00
# Visual Studio 15
VisualStudioVersion = 15.0.28307.168
MinimumVisualStudioVersion = 10.0.40219.1
Project("{888888A0-9F3D-457C-B088-3A5042F75D52}") = "TkinterButton", "TkinterButton\TkinterButton.pyproj", "{37D48D90-CB36-4DFF-9FF6-16D0130CC9C6}"
EndProject
Global
	GlobalSection(SolutionConfigurationPlatforms) = preSolution
		Debug|Any CPU = Debug|Any CPU
		Release|Any CPU = Release|Any CPU
	EndGlobalSection
	GlobalSection(ProjectConfigurationPlatforms) = postSolution
		{37D48D90-CB36-4DFF-9FF6-16D0130CC9C6}.Debug|Any CPU.ActiveCfg = Debug|Any CPU
		{37D48D90-CB36-4DFF-9FF6-16D0130CC9C6}.Release|Any CPU.ActiveCfg = Release|Any CPU
	EndGlobalSection
	GlobalSection(SolutionProperties) = preSolution
		HideSolutionNode = FALSE
	EndGlobalSection
	GlobalSection(ExtensibilityGlobals) = postSolution
		SolutionGuid = {047516A0-BF60-47F8-8F54-E586312CA673}
	EndGlobalSection
EndGlobal
