
Microsoft Visual Studio Solution File, Format Version 12.00
# Visual Studio Version 16
VisualStudioVersion = 16.0.29230.47
MinimumVisualStudioVersion = 10.0.40219.1
Project("{888888A0-9F3D-457C-B088-3A5042F75D52}") = "HousingExampleCh2", "HousingExampleCh2.pyproj", "{AE7837A4-B13C-42DB-93F8-2336F2BB203A}"
EndProject
Global
	GlobalSection(SolutionConfigurationPlatforms) = preSolution
		Debug|Any CPU = Debug|Any CPU
		Release|Any CPU = Release|Any CPU
	EndGlobalSection
	GlobalSection(ProjectConfigurationPlatforms) = postSolution
		{AE7837A4-B13C-42DB-93F8-2336F2BB203A}.Debug|Any CPU.ActiveCfg = Debug|Any CPU
		{AE7837A4-B13C-42DB-93F8-2336F2BB203A}.Release|Any CPU.ActiveCfg = Release|Any CPU
	EndGlobalSection
	GlobalSection(SolutionProperties) = preSolution
		HideSolutionNode = FALSE
	EndGlobalSection
	GlobalSection(ExtensibilityGlobals) = postSolution
		SolutionGuid = {36716BF9-5EAD-46D5-82B7-AD701A382493}
	EndGlobalSection
EndGlobal
